{
  "name": "payment-service",
  "version": "1.0.0",
  "lockfileVersion": 3,
  "requires": true,
  "packages": {
    "": {
      "name": "payment-service",
      "version": "1.0.0",
      "dependencies": {
        "auth-utils": "file:../common/auth-utils",
        "wx-pay-config": "file:../common/wx-pay-config"
      }
    },
    "../common/auth-utils": {
      "version": "1.0.0"
    },
    "../common/wx-pay-config": {},
    "node_modules/auth-utils": {
      "resolved": "../common/auth-utils",
      "link": true
    },
    "node_modules/wx-pay-config": {
      "resolved": "../common/wx-pay-config",
      "link": true
    }
  }
}
